// !$*UTF8*$!
{
	archiveVersion = 1;
	classes = {
	};
	objectVersion = 52;
	objects = {

/* Begin PBXBuildFile section */
		EB50016125D2AD27007EFBC7 /* AppDelegate.swift in Sources */ = {isa = PBXBuildFile; fileRef = EB50016025D2AD27007EFBC7 /* AppDelegate.swift */; };
		EB50016325D2AD27007EFBC7 /* SceneDelegate.swift in Sources */ = {isa = PBXBuildFile; fileRef = EB50016225D2AD27007EFBC7 /* SceneDelegate.swift */; };
		EB50016525D2AD27007EFBC7 /* ViewController.swift in Sources */ = {isa = PBXBuildFile; fileRef = EB50016425D2AD27007EFBC7 /* ViewController.swift */; };
		EB50016825D2AD27007EFBC7 /* Main.storyboard in Resources */ = {isa = PBXBuildFile; fileRef = EB50016625D2AD27007EFBC7 /* Main.storyboard */; };
		EB50016A25D2AD29007EFBC7 /* Assets.xcassets in Resources */ = {isa = PBXBuildFile; fileRef = EB50016925D2AD29007EFBC7 /* Assets.xcassets */; };
		EB50016D25D2AD29007EFBC7 /* LaunchScreen.storyboard in Resources */ = {isa = PBXBuildFile; fileRef = EB50016B25D2AD29007EFBC7 /* LaunchScreen.storyboard */; };
		EB50017625D2B669007EFBC7 /* FetchImagesService.swift in Sources */ = {isa = PBXBuildFile; fileRef = EB50017525D2B669007EFBC7 /* FetchImagesService.swift */; };
		EB50017A25D2B861007EFBC7 /* SDWebImage in Frameworks */ = {isa = PBXBuildFile; productRef = EB50017925D2B861007EFBC7 /* SDWebImage */; };
		EB50017D25D2C0DE007EFBC7 /* ImageCollectionViewCell.swift in Sources */ = {isa = PBXBuildFile; fileRef = EB50017C25D2C0DE007EFBC7 /* ImageCollectionViewCell.swift */; };
/* End PBXBuildFile section */

/* Begin PBXFileReference section */
		EB50015D25D2AD27007EFBC7 /* Test Product.app */ = {isa = PBXFileReference; explicitFileType = wrapper.application; includeInIndex = 0; path = "Test Product.app"; sourceTree = BUILT_PRODUCTS_DIR; };
		EB50016025D2AD27007EFBC7 /* AppDelegate.swift */ = {isa = PBXFileReference; lastKnownFileType = sourcecode.swift; path = AppDelegate.swift; sourceTree = "<group>"; };
		EB50016225D2AD27007EFBC7 /* SceneDelegate.swift */ = {isa = PBXFileReference; lastKnownFileType = sourcecode.swift; path = SceneDelegate.swift; sourceTree = "<group>"; };
		EB50016425D2AD27007EFBC7 /* ViewController.swift */ = {isa = PBXFileReference; lastKnownFileType = sourcecode.swift; path = ViewController.swift; sourceTree = "<group>"; };
		EB50016725D2AD27007EFBC7 /* Base */ = {isa = PBXFileReference; lastKnownFileType = file.storyboard; name = Base; path = Base.lproj/Main.storyboard; sourceTree = "<group>"; };
		EB50016925D2AD29007EFBC7 /* Assets.xcassets */ = {isa = PBXFileReference; lastKnownFileType = folder.assetcatalog; path = Assets.xcassets; sourceTree = "<group>"; };
		EB50016C25D2AD29007EFBC7 /* Base */ = {isa = PBXFileReference; lastKnownFileType = file.storyboard; name = Base; path = Base.lproj/LaunchScreen.storyboard; sourceTree = "<group>"; };
		EB50016E25D2AD29007EFBC7 /* Info.plist */ = {isa = PBXFileReference; lastKnownFileType = text.plist.xml; path = Info.plist; sourceTree = "<group>"; };
		EB50017525D2B669007EFBC7 /* FetchImagesService.swift */ = {isa = PBXFileReference; lastKnownFileType = sourcecode.swift; path = FetchImagesService.swift; sourceTree = "<group>"; };
		EB50017C25D2C0DE007EFBC7 /* ImageCollectionViewCell.swift */ = {isa = PBXFileReference; lastKnownFileType = sourcecode.swift; path = ImageCollectionViewCell.swift; sourceTree = "<group>"; };
/* End PBXFileReference section */

/* Begin PBXFrameworksBuildPhase section */
		EB50015A25D2AD27007EFBC7 /* Frameworks */ = {
			isa = PBXFrameworksBuildPhase;
			buildActionMask = 2147483647;
			files = (
				EB50017A25D2B861007EFBC7 /* SDWebImage in Frameworks */,
			);
			runOnlyForDeploymentPostprocessing = 0;
		};
/* End PBXFrameworksBuildPhase section */

/* Begin PBXGroup section */
		EB50015425D2AD27007EFBC7 = {
			isa = PBXGroup;
			children = (
				EB50015F25D2AD27007EFBC7 /* Test Product */,
				EB50015E25D2AD27007EFBC7 /* Products */,
			);
			sourceTree = "<group>";
		};
		EB50015E25D2AD27007EFBC7 /* Products */ = {
			isa = PBXGroup;
			children = (
				EB50015D25D2AD27007EFBC7 /* Test Product.app */,
			);
			name = Products;
			sourceTree = "<group>";
		};
		EB50015F25D2AD27007EFBC7 /* Test Product */ = {
			isa = PBXGroup;
			children = (
				EB50016025D2AD27007EFBC7 /* AppDelegate.swift */,
				EB50016225D2AD27007EFBC7 /* SceneDelegate.swift */,
				EB50016425D2AD27007EFBC7 /* ViewController.swift */,
				EB50016625D2AD27007EFBC7 /* Main.storyboard */,
				EB50016925D2AD29007EFBC7 /* Assets.xcassets */,
				EB50016B25D2AD29007EFBC7 /* LaunchScreen.storyboard */,
				EB50016E25D2AD29007EFBC7 /* Info.plist */,
				EB50017525D2B669007EFBC7 /* FetchImagesService.swift */,
				EB50017C25D2C0DE007EFBC7 /* ImageCollectionViewCell.swift */,
			);
			path = "Test Product";
			sourceTree = "<group>";
		};
/* End PBXGroup section */

/* Begin PBXNativeTarget section */
		EB50015C25D2AD27007EFBC7 /* Test Product */ = {
			isa = PBXNativeTarget;
			buildConfigurationList = EB50017125D2AD29007EFBC7 /* Build configuration list for PBXNativeTarget "Test Product" */;
			buildPhases = (
				EB50015925D2AD27007EFBC7 /* Sources */,
				EB50015A25D2AD27007EFBC7 /* Frameworks */,
				EB50015B25D2AD27007EFBC7 /* Resources */,
			);
			buildRules = (
			);
			dependencies = (
			);
			name = "Test Product";
			packageProductDependencies = (
				EB50017925D2B861007EFBC7 /* SDWebImage */,
			);
			productName = "Test Product";
			productReference = EB50015D25D2AD27007EFBC7 /* Test Product.app */;
			productType = "com.apple.product-type.application";
		};
/* End PBXNativeTarget section */

/* Begin PBXProject section */
		EB50015525D2AD27007EFBC7 /* Project object */ = {
			isa = PBXProject;
			attributes = {
				LastSwiftUpdateCheck = 1230;
				LastUpgradeCheck = 1230;
				TargetAttributes = {
					EB50015C25D2AD27007EFBC7 = {
						CreatedOnToolsVersion = 12.3;
					};
				};
			};
			buildConfigurationList = EB50015825D2AD27007EFBC7 /* Build configuration list for PBXProject "Test Product" */;
			compatibilityVersion = "Xcode 9.3";
			developmentRegion = en;
			hasScannedForEncodings = 0;
			knownRegions = (
				en,
				Base,
			);
			mainGroup = EB50015425D2AD27007EFBC7;
			packageReferences = (
				EB50017825D2B861007EFBC7 /* XCRemoteSwiftPackageReference "SDWebImage" */,
			);
			productRefGroup = EB50015E25D2AD27007EFBC7 /* Products */;
			projectDirPath = "";
			projectRoot = "";
			targets = (
				EB50015C25D2AD27007EFBC7 /* Test Product */,
			);
		};
/* End PBXProject section */

/* Begin PBXResourcesBuildPhase section */
		EB50015B25D2AD27007EFBC7 /* Resources */ = {
			isa = PBXResourcesBuildPhase;
			buildActionMask = 2147483647;
			files = (
				EB50016D25D2AD29007EFBC7 /* LaunchScreen.storyboard in Resources */,
				EB50016A25D2AD29007EFBC7 /* Assets.xcassets in Resources */,
				EB50016825D2AD27007EFBC7 /* Main.storyboard in Resources */,
			);
			runOnlyForDeploymentPostprocessing = 0;
		};
/* End PBXResourcesBuildPhase section */

/* Begin PBXSourcesBuildPhase section */
		EB50015925D2AD27007EFBC7 /* Sources */ = {
			isa = PBXSourcesBuildPhase;
			buildActionMask = 2147483647;
			files = (
				EB50017625D2B669007EFBC7 /* FetchImagesService.swift in Sources */,
				EB50017D25D2C0DE007EFBC7 /* ImageCollectionViewCell.swift in Sources */,
				EB50016525D2AD27007EFBC7 /* ViewController.swift in Sources */,
				EB50016125D2AD27007EFBC7 /* AppDelegate.swift in Sources */,
				EB50016325D2AD27007EFBC7 /* SceneDelegate.swift in Sources */,
			);
			runOnlyForDeploymentPostprocessing = 0;
		};
/* End PBXSourcesBuildPhase section */

/* Begin PBXVariantGroup section */
		EB50016625D2AD27007EFBC7 /* Main.storyboard */ = {
			isa = PBXVariantGroup;
			children = (
				EB50016725D2AD27007EFBC7 /* Base */,
			);
			name = Main.storyboard;
			sourceTree = "<group>";
		};
		EB50016B25D2AD29007EFBC7 /* LaunchScreen.storyboard */ = {
			isa = PBXVariantGroup;
			children = (
				EB50016C25D2AD29007EFBC7 /* Base */,
			);
			name = LaunchScreen.storyboard;
			sourceTree = "<group>";
		};
/* End PBXVariantGroup section */

/* Begin XCBuildConfiguration section */
		EB50016F25D2AD29007EFBC7 /* Debug */ = {
			isa = XCBuildConfiguration;
			buildSettings = {
				ALWAYS_SEARCH_USER_PATHS = NO;
				CLANG_ANALYZER_NONNULL = YES;
				CLANG_ANALYZER_NUMBER_OBJECT_CONVERSION = YES_AGGRESSIVE;
				CLANG_CXX_LANGUAGE_STANDARD = "gnu++14";
				CLANG_CXX_LIBRARY = "libc++";
				CLANG_ENABLE_MODULES = YES;
				CLANG_ENABLE_OBJC_ARC = YES;
				CLANG_ENABLE_OBJC_WEAK = YES;
				CLANG_WARN_BLOCK_CAPTURE_AUTORELEASING = YES;
				CLANG_WARN_BOOL_CONVERSION = YES;
				CLANG_WARN_COMMA = YES;
				CLANG_WARN_CONSTANT_CONVERSION = YES;
				CLANG_WARN_DEPRECATED_OBJC_IMPLEMENTATIONS = YES;
				CLANG_WARN_DIRECT_OBJC_ISA_USAGE = YES_ERROR;
				CLANG_WARN_DOCUMENTATION_COMMENTS = YES;
				CLANG_WARN_EMPTY_BODY = YES;
				CLANG_WARN_ENUM_CONVERSION = YES;
				CLANG_WARN_INFINITE_RECURSION = YES;
				CLANG_WARN_INT_CONVERSION = YES;
				CLANG_WARN_NON_LITERAL_NULL_CONVERSION = YES;
				CLANG_WARN_OBJC_IMPLICIT_RETAIN_SELF = YES;
				CLANG_WARN_OBJC_LITERAL_CONVERSION = YES;
				CLANG_WARN_OBJC_ROOT_CLASS = YES_ERROR;
				CLANG_WARN_QUOTED_INCLUDE_IN_FRAMEWORK_HEADER = YES;
				CLANG_WARN_RANGE_LOOP_ANALYSIS = YES;
				CLANG_WARN_STRICT_PROTOTYPES = YES;
				CLANG_WARN_SUSPICIOUS_MOVE = YES;
				CLANG_WARN_UNGUARDED_AVAILABILITY = YES_AGGRESSIVE;
				CLANG_WARN_UNREACHABLE_CODE = YES;
				CLANG_WARN__DUPLICATE_METHOD_MATCH = YES;
				COPY_PHASE_STRIP = NO;
				DEBUG_INFORMATION_FORMAT = dwarf;
				ENABLE_STRICT_OBJC_MSGSEND = YES;
				ENABLE_TESTABILITY = YES;
				GCC_C_LANGUAGE_STANDARD = gnu11;
				GCC_DYNAMIC_NO_PIC = NO;
				GCC_NO_COMMON_BLOCKS = YES;
				GCC_OPTIMIZATION_LEVEL = 0;
				GCC_PREPROCESSOR_DEFINITIONS = (
					"DEBUG=1",
					"$(inherited)",
				);
				GCC_WARN_64_TO_32_BIT_CONVERSION = YES;
				GCC_WARN_ABOUT_RETURN_TYPE = YES_ERROR;
				GCC_WARN_UNDECLARED_SELECTOR = YES;
				GCC_WARN_UNINITIALIZED_AUTOS = YES_AGGRESSIVE;
				GCC_WARN_UNUSED_FUNCTION = YES;
				GCC_WARN_UNUSED_VARIABLE = YES;
				IPHONEOS_DEPLOYMENT_TARGET = 14.3;
				MTL_ENABLE_DEBUG_INFO = INCLUDE_SOURCE;
				MTL_FAST_MATH = YES;
				ONLY_ACTIVE_ARCH = YES;
				SDKROOT = iphoneos;
				SWIFT_ACTIVE_COMPILATION_CONDITIONS = DEBUG;
				SWIFT_OPTIMIZATION_LEVEL = "-Onone";
			};
			name = Debug;
		};
		EB50017025D2AD29007EFBC7 /* Release */ = {
			isa = XCBuildConfiguration;
			buildSettings = {
				ALWAYS_SEARCH_USER_PATHS = NO;
				CLANG_ANALYZER_NONNULL = YES;
				CLANG_ANALYZER_NUMBER_OBJECT_CONVERSION = YES_AGGRESSIVE;
				CLANG_CXX_LANGUAGE_STANDARD = "gnu++14";
				CLANG_CXX_LIBRARY = "libc++";
				CLANG_ENABLE_MODULES = YES;
				CLANG_ENABLE_OBJC_ARC = YES;
				CLANG_ENABLE_OBJC_WEAK = YES;
				CLANG_WARN_BLOCK_CAPTURE_AUTORELEASING = YES;
				CLANG_WARN_BOOL_CONVERSION = YES;
				CLANG_WARN_COMMA = YES;
				CLANG_WARN_CONSTANT_CONVERSION = YES;
				CLANG_WARN_DEPRECATED_OBJC_IMPLEMENTATIONS = YES;
				CLANG_WARN_DIRECT_OBJC_ISA_USAGE = YES_ERROR;
				CLANG_WARN_DOCUMENTATION_COMMENTS = YES;
				CLANG_WARN_EMPTY_BODY = YES;
				CLANG_WARN_ENUM_CONVERSION = YES;
				CLANG_WARN_INFINITE_RECURSION = YES;
				CLANG_WARN_INT_CONVERSION = YES;
				CLANG_WARN_NON_LITERAL_NULL_CONVERSION = YES;
				CLANG_WARN_OBJC_IMPLICIT_RETAIN_SELF = YES;
				CLANG_WARN_OBJC_LITERAL_CONVERSION = YES;
				CLANG_WARN_OBJC_ROOT_CLASS = YES_ERROR;
				CLANG_WARN_QUOTED_INCLUDE_IN_FRAMEWORK_HEADER = YES;
				CLANG_WARN_RANGE_LOOP_ANALYSIS = YES;
				CLANG_WARN_STRICT_PROTOTYPES = YES;
				CLANG_WARN_SUSPICIOUS_MOVE = YES;
				CLANG_WARN_UNGUARDED_AVAILABILITY = YES_AGGRESSIVE;
				CLANG_WARN_UNREACHABLE_CODE = YES;
				CLANG_WARN__DUPLICATE_METHOD_MATCH = YES;
				COPY_PHASE_STRIP = NO;
				DEBUG_INFORMATION_FORMAT = "dwarf-with-dsym";
				ENABLE_NS_ASSERTIONS = NO;
				ENABLE_STRICT_OBJC_MSGSEND = YES;
				GCC_C_LANGUAGE_STANDARD = gnu11;
				GCC_NO_COMMON_BLOCKS = YES;
				GCC_WARN_64_TO_32_BIT_CONVERSION = YES;
				GCC_WARN_ABOUT_RETURN_TYPE = YES_ERROR;
				GCC_WARN_UNDECLARED_SELECTOR = YES;
				GCC_WARN_UNINITIALIZED_AUTOS = YES_AGGRESSIVE;
				GCC_WARN_UNUSED_FUNCTION = YES;
				GCC_WARN_UNUSED_VARIABLE = YES;
				IPHONEOS_DEPLOYMENT_TARGET = 14.3;
				MTL_ENABLE_DEBUG_INFO = NO;
				MTL_FAST_MATH = YES;
				SDKROOT = iphoneos;
				SWIFT_COMPILATION_MODE = wholemodule;
				SWIFT_OPTIMIZATION_LEVEL = "-O";
				VALIDATE_PRODUCT = YES;
			};
			name = Release;
		};
		EB50017225D2AD29007EFBC7 /* Debug */ = {
			isa = XCBuildConfiguration;
			buildSettings = {
				ASSETCATALOG_COMPILER_APPICON_NAME = AppIcon;
				ASSETCATALOG_COMPILER_GLOBAL_ACCENT_COLOR_NAME = AccentColor;
				CODE_SIGN_STYLE = Automatic;
				DEVELOPMENT_TEAM = 6RMSPHZGCF;
				INFOPLIST_FILE = "Test Product/Info.plist";
				LD_RUNPATH_SEARCH_PATHS = (
					"$(inherited)",
					"@executable_path/Frameworks",
				);
				PRODUCT_BUNDLE_IDENTIFIER = "ru.abdula571.Test-Product";
				PRODUCT_NAME = "$(TARGET_NAME)";
				SWIFT_VERSION = 5.0;
				TARGETED_DEVICE_FAMILY = "1,2";
			};
			name = Debug;
		};
		EB50017325D2AD29007EFBC7 /* Release */ = {
			isa = XCBuildConfiguration;
			buildSettings = {
				ASSETCATALOG_COMPILER_APPICON_NAME = AppIcon;
				ASSETCATALOG_COMPILER_GLOBAL_ACCENT_COLOR_NAME = AccentColor;
				CODE_SIGN_STYLE = Automatic;
				DEVELOPMENT_TEAM = 6RMSPHZGCF;
				INFOPLIST_FILE = "Test Product/Info.plist";
				LD_RUNPATH_SEARCH_PATHS = (
					"$(inherited)",
					"@executable_path/Frameworks",
				);
				PRODUCT_BUNDLE_IDENTIFIER = "ru.abdula571.Test-Product";
				PRODUCT_NAME = "$(TARGET_NAME)";
				SWIFT_VERSION = 5.0;
				TARGETED_DEVICE_FAMILY = "1,2";
			};
			name = Release;
		};
/* End XCBuildConfiguration section */

/* Begin XCConfigurationList section */
		EB50015825D2AD27007EFBC7 /* Build configuration list for PBXProject "Test Product" */ = {
			isa = XCConfigurationList;
			buildConfigurations = (
				EB50016F25D2AD29007EFBC7 /* Debug */,
				EB50017025D2AD29007EFBC7 /* Release */,
			);
			defaultConfigurationIsVisible = 0;
			defaultConfigurationName = Release;
		};
		EB50017125D2AD29007EFBC7 /* Build configuration list for PBXNativeTarget "Test Product" */ = {
			isa = XCConfigurationList;
			buildConfigurations = (
				EB50017225D2AD29007EFBC7 /* Debug */,
				EB50017325D2AD29007EFBC7 /* Release */,
			);
			defaultConfigurationIsVisible = 0;
			defaultConfigurationName = Release;
		};
/* End XCConfigurationList section */

/* Begin XCRemoteSwiftPackageReference section */
		EB50017825D2B861007EFBC7 /* XCRemoteSwiftPackageReference "SDWebImage" */ = {
			isa = XCRemoteSwiftPackageReference;
			repositoryURL = "https://github.com/SDWebImage/SDWebImage";
			requirement = {
				kind = upToNextMajorVersion;
				minimumVersion = 5.10.4;
			};
		};
/* End XCRemoteSwiftPackageReference section */

/* Begin XCSwiftPackageProductDependency section */
		EB50017925D2B861007EFBC7 /* SDWebImage */ = {
			isa = XCSwiftPackageProductDependency;
			package = EB50017825D2B861007EFBC7 /* XCRemoteSwiftPackageReference "SDWebImage" */;
			productName = SDWebImage;
		};
/* End XCSwiftPackageProductDependency section */
	};
	rootObject = EB50015525D2AD27007EFBC7 /* Project object */;
}
